
Microsoft Visual Studio Solution File, Format Version 12.00
# Visual Studio Version 16
VisualStudioVersion = 16.0.31313.79
MinimumVisualStudioVersion = 10.0.40219.1
Project("{FAE04EC0-301F-11D3-BF4B-00C04F79EFBC}") = "CryptoCurrencyCalculator-Bosch4", "CryptoCurrencyCalculator-Bosch4.csproj", "{587AC1CE-33B3-4B57-A8DF-D8AAC12555F0}"
EndProject
Global
	GlobalSection(SolutionConfigurationPlatforms) = preSolution
		Debug|Any CPU = Debug|Any CPU
		Release|Any CPU = Release|Any CPU
	EndGlobalSection
	GlobalSection(ProjectConfigurationPlatforms) = postSolution
		{587AC1CE-33B3-4B57-A8DF-D8AAC12555F0}.Debug|Any CPU.ActiveCfg = Debug|Any CPU
		{587AC1CE-33B3-4B57-A8DF-D8AAC12555F0}.Debug|Any CPU.Build.0 = Debug|Any CPU
		{587AC1CE-33B3-4B57-A8DF-D8AAC12555F0}.Release|Any CPU.ActiveCfg = Release|Any CPU
		{587AC1CE-33B3-4B57-A8DF-D8AAC12555F0}.Release|Any CPU.Build.0 = Release|Any CPU
	EndGlobalSection
	GlobalSection(SolutionProperties) = preSolution
		HideSolutionNode = FALSE
	EndGlobalSection
	GlobalSection(ExtensibilityGlobals) = postSolution
		SolutionGuid = {5A2F1383-D30E-4405-BC27-AE849DEC1728}
	EndGlobalSection
EndGlobal
